
Microsoft Visual Studio Solution File, Format Version 12.00
# Visual Studio Version 17
VisualStudioVersion = 17.6.33829.357
MinimumVisualStudioVersion = 10.0.40219.1
Project("{FAE04EC0-301F-11D3-BF4B-00C04F79EFBC}") = "WebApplication3", "WebApplication3.csproj", "{0393B376-A832-45E0-A4F6-7969FF09B3D8}"
EndProject
Global
	GlobalSection(SolutionConfigurationPlatforms) = preSolution
		Debug|Any CPU = Debug|Any CPU
		Release|Any CPU = Release|Any CPU
	EndGlobalSection
	GlobalSection(ProjectConfigurationPlatforms) = postSolution
		{0393B376-A832-45E0-A4F6-7969FF09B3D8}.Debug|Any CPU.ActiveCfg = Debug|Any CPU
		{0393B376-A832-45E0-A4F6-7969FF09B3D8}.Debug|Any CPU.Build.0 = Debug|Any CPU
		{0393B376-A832-45E0-A4F6-7969FF09B3D8}.Release|Any CPU.ActiveCfg = Release|Any CPU
		{0393B376-A832-45E0-A4F6-7969FF09B3D8}.Release|Any CPU.Build.0 = Release|Any CPU
	EndGlobalSection
	GlobalSection(SolutionProperties) = preSolution
		HideSolutionNode = FALSE
	EndGlobalSection
	GlobalSection(ExtensibilityGlobals) = postSolution
		SolutionGuid = {BC8A65E2-2C58-4C6E-8E15-4A1AF1AC2310}
	EndGlobalSection
EndGlobal
